// !$*UTF8*$!
{
	archiveVersion = 1;
	classes = {
	};
	objectVersion = 46;
	objects = {

/* Begin PBXBuildFile section */
		3E6BDAD41E7B72FD00CED261 /* AppDelegate.swift in Sources */ = {isa = PBXBuildFile; fileRef = 3E6BDAD31E7B72FD00CED261 /* AppDelegate.swift */; };
		3E6BDAD61E7B72FD00CED261 /* ViewController.swift in Sources */ = {isa = PBXBuildFile; fileRef = 3E6BDAD51E7B72FD00CED261 /* ViewController.swift */; };
		3E6BDAD91E7B72FD00CED261 /* Main.storyboard in Resources */ = {isa = PBXBuildFile; fileRef = 3E6BDAD71E7B72FD00CED261 /* Main.storyboard */; };
		3E6BDADB1E7B72FD00CED261 /* Assets.xcassets in Resources */ = {isa = PBXBuildFile; fileRef = 3E6BDADA1E7B72FD00CED261 /* Assets.xcassets */; };
		3E6BDADE1E7B72FD00CED261 /* LaunchScreen.storyboard in Resources */ = {isa = PBXBuildFile; fileRef = 3E6BDADC1E7B72FD00CED261 /* LaunchScreen.storyboard */; };
		3E6BDAE91E7B72FD00CED261 /* CanvaiOSChallengeTests.swift in Sources */ = {isa = PBXBuildFile; fileRef = 3E6BDAE81E7B72FD00CED261 /* CanvaiOSChallengeTests.swift */; };
		3E6BDAF41E7B72FD00CED261 /* CanvaiOSChallengeUITests.swift in Sources */ = {isa = PBXBuildFile; fileRef = 3E6BDAF31E7B72FD00CED261 /* CanvaiOSChallengeUITests.swift */; };
/* End PBXBuildFile section */

/* Begin PBXContainerItemProxy section */
		3E6BDAE51E7B72FD00CED261 /* PBXContainerItemProxy */ = {
			isa = PBXContainerItemProxy;
			containerPortal = 3E6BDAC81E7B72FC00CED261 /* Project object */;
			proxyType = 1;
			remoteGlobalIDString = 3E6BDACF1E7B72FD00CED261;
			remoteInfo = CanvaiOSChallenge;
		};
		3E6BDAF01E7B72FD00CED261 /* PBXContainerItemProxy */ = {
			isa = PBXContainerItemProxy;
			containerPortal = 3E6BDAC81E7B72FC00CED261 /* Project object */;
			proxyType = 1;
			remoteGlobalIDString = 3E6BDACF1E7B72FD00CED261;
			remoteInfo = CanvaiOSChallenge;
		};
/* End PBXContainerItemProxy section */

/* Begin PBXFileReference section */
		3E6BDAD01E7B72FD00CED261 /* CanvaiOSChallenge.app */ = {isa = PBXFileReference; explicitFileType = wrapper.application; includeInIndex = 0; path = CanvaiOSChallenge.app; sourceTree = BUILT_PRODUCTS_DIR; };
		3E6BDAD31E7B72FD00CED261 /* AppDelegate.swift */ = {isa = PBXFileReference; lastKnownFileType = sourcecode.swift; path = AppDelegate.swift; sourceTree = "<group>"; };
		3E6BDAD51E7B72FD00CED261 /* ViewController.swift */ = {isa = PBXFileReference; lastKnownFileType = sourcecode.swift; path = ViewController.swift; sourceTree = "<group>"; };
		3E6BDAD81E7B72FD00CED261 /* Base */ = {isa = PBXFileReference; lastKnownFileType = file.storyboard; name = Base; path = Base.lproj/Main.storyboard; sourceTree = "<group>"; };
		3E6BDADA1E7B72FD00CED261 /* Assets.xcassets */ = {isa = PBXFileReference; lastKnownFileType = folder.assetcatalog; path = Assets.xcassets; sourceTree = "<group>"; };
		3E6BDADD1E7B72FD00CED261 /* Base */ = {isa = PBXFileReference; lastKnownFileType = file.storyboard; name = Base; path = Base.lproj/LaunchScreen.storyboard; sourceTree = "<group>"; };
		3E6BDADF1E7B72FD00CED261 /* Info.plist */ = {isa = PBXFileReference; lastKnownFileType = text.plist.xml; path = Info.plist; sourceTree = "<group>"; };
		3E6BDAE41E7B72FD00CED261 /* CanvaiOSChallengeTests.xctest */ = {isa = PBXFileReference; explicitFileType = wrapper.cfbundle; includeInIndex = 0; path = CanvaiOSChallengeTests.xctest; sourceTree = BUILT_PRODUCTS_DIR; };
		3E6BDAE81E7B72FD00CED261 /* CanvaiOSChallengeTests.swift */ = {isa = PBXFileReference; lastKnownFileType = sourcecode.swift; path = CanvaiOSChallengeTests.swift; sourceTree = "<group>"; };
		3E6BDAEA1E7B72FD00CED261 /* Info.plist */ = {isa = PBXFileReference; lastKnownFileType = text.plist.xml; path = Info.plist; sourceTree = "<group>"; };
		3E6BDAEF1E7B72FD00CED261 /* CanvaiOSChallengeUITests.xctest */ = {isa = PBXFileReference; explicitFileType = wrapper.cfbundle; includeInIndex = 0; path = CanvaiOSChallengeUITests.xctest; sourceTree = BUILT_PRODUCTS_DIR; };
		3E6BDAF31E7B72FD00CED261 /* CanvaiOSChallengeUITests.swift */ = {isa = PBXFileReference; lastKnownFileType = sourcecode.swift; path = CanvaiOSChallengeUITests.swift; sourceTree = "<group>"; };
		3E6BDAF51E7B72FD00CED261 /* Info.plist */ = {isa = PBXFileReference; lastKnownFileType = text.plist.xml; path = Info.plist; sourceTree = "<group>"; };
/* End PBXFileReference section */

/* Begin PBXFrameworksBuildPhase section */
		3E6BDACD1E7B72FD00CED261 /* Frameworks */ = {
			isa = PBXFrameworksBuildPhase;
			buildActionMask = 2147483647;
			files = (
			);
			runOnlyForDeploymentPostprocessing = 0;
		};
		3E6BDAE11E7B72FD00CED261 /* Frameworks */ = {
			isa = PBXFrameworksBuildPhase;
			buildActionMask = 2147483647;
			files = (
			);
			runOnlyForDeploymentPostprocessing = 0;
		};
		3E6BDAEC1E7B72FD00CED261 /* Frameworks */ = {
			isa = PBXFrameworksBuildPhase;
			buildActionMask = 2147483647;
			files = (
			);
			runOnlyForDeploymentPostprocessing = 0;
		};
/* End PBXFrameworksBuildPhase section */

/* Begin PBXGroup section */
		3E6BDAC71E7B72FC00CED261 = {
			isa = PBXGroup;
			children = (
				3E6BDAD21E7B72FD00CED261 /* CanvaiOSChallenge */,
				3E6BDAE71E7B72FD00CED261 /* CanvaiOSChallengeTests */,
				3E6BDAF21E7B72FD00CED261 /* CanvaiOSChallengeUITests */,
				3E6BDAD11E7B72FD00CED261 /* Products */,
			);
			sourceTree = "<group>";
		};
		3E6BDAD11E7B72FD00CED261 /* Products */ = {
			isa = PBXGroup;
			children = (
				3E6BDAD01E7B72FD00CED261 /* CanvaiOSChallenge.app */,
				3E6BDAE41E7B72FD00CED261 /* CanvaiOSChallengeTests.xctest */,
				3E6BDAEF1E7B72FD00CED261 /* CanvaiOSChallengeUITests.xctest */,
			);
			name = Products;
			sourceTree = "<group>";
		};
		3E6BDAD21E7B72FD00CED261 /* CanvaiOSChallenge */ = {
			isa = PBXGroup;
			children = (
				3E6BDAD31E7B72FD00CED261 /* AppDelegate.swift */,
				3E6BDAD51E7B72FD00CED261 /* ViewController.swift */,
				3E6BDAD71E7B72FD00CED261 /* Main.storyboard */,
				3E6BDADA1E7B72FD00CED261 /* Assets.xcassets */,
				3E6BDADC1E7B72FD00CED261 /* LaunchScreen.storyboard */,
				3E6BDADF1E7B72FD00CED261 /* Info.plist */,
			);
			path = CanvaiOSChallenge;
			sourceTree = "<group>";
		};
		3E6BDAE71E7B72FD00CED261 /* CanvaiOSChallengeTests */ = {
			isa = PBXGroup;
			children = (
				3E6BDAE81E7B72FD00CED261 /* CanvaiOSChallengeTests.swift */,
				3E6BDAEA1E7B72FD00CED261 /* Info.plist */,
			);
			path = CanvaiOSChallengeTests;
			sourceTree = "<group>";
		};
		3E6BDAF21E7B72FD00CED261 /* CanvaiOSChallengeUITests */ = {
			isa = PBXGroup;
			children = (
				3E6BDAF31E7B72FD00CED261 /* CanvaiOSChallengeUITests.swift */,
				3E6BDAF51E7B72FD00CED261 /* Info.plist */,
			);
			path = CanvaiOSChallengeUITests;
			sourceTree = "<group>";
		};
/* End PBXGroup section */

/* Begin PBXNativeTarget section */
		3E6BDACF1E7B72FD00CED261 /* CanvaiOSChallenge */ = {
			isa = PBXNativeTarget;
			buildConfigurationList = 3E6BDAF81E7B72FD00CED261 /* Build configuration list for PBXNativeTarget "CanvaiOSChallenge" */;
			buildPhases = (
				3E6BDACC1E7B72FD00CED261 /* Sources */,
				3E6BDACD1E7B72FD00CED261 /* Frameworks */,
				3E6BDACE1E7B72FD00CED261 /* Resources */,
			);
			buildRules = (
			);
			dependencies = (
			);
			name = CanvaiOSChallenge;
			productName = CanvaiOSChallenge;
			productReference = 3E6BDAD01E7B72FD00CED261 /* CanvaiOSChallenge.app */;
			productType = "com.apple.product-type.application";
		};
		3E6BDAE31E7B72FD00CED261 /* CanvaiOSChallengeTests */ = {
			isa = PBXNativeTarget;
			buildConfigurationList = 3E6BDAFB1E7B72FD00CED261 /* Build configuration list for PBXNativeTarget "CanvaiOSChallengeTests" */;
			buildPhases = (
				3E6BDAE01E7B72FD00CED261 /* Sources */,
				3E6BDAE11E7B72FD00CED261 /* Frameworks */,
				3E6BDAE21E7B72FD00CED261 /* Resources */,
			);
			buildRules = (
			);
			dependencies = (
				3E6BDAE61E7B72FD00CED261 /* PBXTargetDependency */,
			);
			name = CanvaiOSChallengeTests;
			productName = CanvaiOSChallengeTests;
			productReference = 3E6BDAE41E7B72FD00CED261 /* CanvaiOSChallengeTests.xctest */;
			productType = "com.apple.product-type.bundle.unit-test";
		};
		3E6BDAEE1E7B72FD00CED261 /* CanvaiOSChallengeUITests */ = {
			isa = PBXNativeTarget;
			buildConfigurationList = 3E6BDAFE1E7B72FD00CED261 /* Build configuration list for PBXNativeTarget "CanvaiOSChallengeUITests" */;
			buildPhases = (
				3E6BDAEB1E7B72FD00CED261 /* Sources */,
				3E6BDAEC1E7B72FD00CED261 /* Frameworks */,
				3E6BDAED1E7B72FD00CED261 /* Resources */,
			);
			buildRules = (
			);
			dependencies = (
				3E6BDAF11E7B72FD00CED261 /* PBXTargetDependency */,
			);
			name = CanvaiOSChallengeUITests;
			productName = CanvaiOSChallengeUITests;
			productReference = 3E6BDAEF1E7B72FD00CED261 /* CanvaiOSChallengeUITests.xctest */;
			productType = "com.apple.product-type.bundle.ui-testing";
		};
/* End PBXNativeTarget section */

/* Begin PBXProject section */
		3E6BDAC81E7B72FC00CED261 /* Project object */ = {
			isa = PBXProject;
			attributes = {
				LastSwiftUpdateCheck = 0820;
				LastUpgradeCheck = 0820;
				ORGANIZATIONNAME = me.calvinchankf;
				TargetAttributes = {
					3E6BDACF1E7B72FD00CED261 = {
						CreatedOnToolsVersion = 8.2.1;
						DevelopmentTeam = Z748RTCFAJ;
						ProvisioningStyle = Automatic;
					};
					3E6BDAE31E7B72FD00CED261 = {
						CreatedOnToolsVersion = 8.2.1;
						DevelopmentTeam = Z748RTCFAJ;
						ProvisioningStyle = Automatic;
						TestTargetID = 3E6BDACF1E7B72FD00CED261;
					};
					3E6BDAEE1E7B72FD00CED261 = {
						CreatedOnToolsVersion = 8.2.1;
						DevelopmentTeam = Z748RTCFAJ;
						ProvisioningStyle = Automatic;
						TestTargetID = 3E6BDACF1E7B72FD00CED261;
					};
				};
			};
			buildConfigurationList = 3E6BDACB1E7B72FC00CED261 /* Build configuration list for PBXProject "CanvaiOSChallenge" */;
			compatibilityVersion = "Xcode 3.2";
			developmentRegion = English;
			hasScannedForEncodings = 0;
			knownRegions = (
				en,
				Base,
			);
			mainGroup = 3E6BDAC71E7B72FC00CED261;
			productRefGroup = 3E6BDAD11E7B72FD00CED261 /* Products */;
			projectDirPath = "";
			projectRoot = "";
			targets = (
				3E6BDACF1E7B72FD00CED261 /* CanvaiOSChallenge */,
				3E6BDAE31E7B72FD00CED261 /* CanvaiOSChallengeTests */,
				3E6BDAEE1E7B72FD00CED261 /* CanvaiOSChallengeUITests */,
			);
		};
/* End PBXProject section */

/* Begin PBXResourcesBuildPhase section */
		3E6BDACE1E7B72FD00CED261 /* Resources */ = {
			isa = PBXResourcesBuildPhase;
			buildActionMask = 2147483647;
			files = (
				3E6BDADE1E7B72FD00CED261 /* LaunchScreen.storyboard in Resources */,
				3E6BDADB1E7B72FD00CED261 /* Assets.xcassets in Resources */,
				3E6BDAD91E7B72FD00CED261 /* Main.storyboard in Resources */,
			);
			runOnlyForDeploymentPostprocessing = 0;
		};
		3E6BDAE21E7B72FD00CED261 /* Resources */ = {
			isa = PBXResourcesBuildPhase;
			buildActionMask = 2147483647;
			files = (
			);
			runOnlyForDeploymentPostprocessing = 0;
		};
		3E6BDAED1E7B72FD00CED261 /* Resources */ = {
			isa = PBXResourcesBuildPhase;
			buildActionMask = 2147483647;
			files = (
			);
			runOnlyForDeploymentPostprocessing = 0;
		};
/* End PBXResourcesBuildPhase section */

/* Begin PBXSourcesBuildPhase section */
		3E6BDACC1E7B72FD00CED261 /* Sources */ = {
			isa = PBXSourcesBuildPhase;
			buildActionMask = 2147483647;
			files = (
				3E6BDAD61E7B72FD00CED261 /* ViewController.swift in Sources */,
				3E6BDAD41E7B72FD00CED261 /* AppDelegate.swift in Sources */,
			);
			runOnlyForDeploymentPostprocessing = 0;
		};
		3E6BDAE01E7B72FD00CED261 /* Sources */ = {
			isa = PBXSourcesBuildPhase;
			buildActionMask = 2147483647;
			files = (
				3E6BDAE91E7B72FD00CED261 /* CanvaiOSChallengeTests.swift in Sources */,
			);
			runOnlyForDeploymentPostprocessing = 0;
		};
		3E6BDAEB1E7B72FD00CED261 /* Sources */ = {
			isa = PBXSourcesBuildPhase;
			buildActionMask = 2147483647;
			files = (
				3E6BDAF41E7B72FD00CED261 /* CanvaiOSChallengeUITests.swift in Sources */,
			);
			runOnlyForDeploymentPostprocessing = 0;
		};
/* End PBXSourcesBuildPhase section */

/* Begin PBXTargetDependency section */
		3E6BDAE61E7B72FD00CED261 /* PBXTargetDependency */ = {
			isa = PBXTargetDependency;
			target = 3E6BDACF1E7B72FD00CED261 /* CanvaiOSChallenge */;
			targetProxy = 3E6BDAE51E7B72FD00CED261 /* PBXContainerItemProxy */;
		};
		3E6BDAF11E7B72FD00CED261 /* PBXTargetDependency */ = {
			isa = PBXTargetDependency;
			target = 3E6BDACF1E7B72FD00CED261 /* CanvaiOSChallenge */;
			targetProxy = 3E6BDAF01E7B72FD00CED261 /* PBXContainerItemProxy */;
		};
/* End PBXTargetDependency section */

/* Begin PBXVariantGroup section */
		3E6BDAD71E7B72FD00CED261 /* Main.storyboard */ = {
			isa = PBXVariantGroup;
			children = (
				3E6BDAD81E7B72FD00CED261 /* Base */,
			);
			name = Main.storyboard;
			sourceTree = "<group>";
		};
		3E6BDADC1E7B72FD00CED261 /* LaunchScreen.storyboard */ = {
			isa = PBXVariantGroup;
			children = (
				3E6BDADD1E7B72FD00CED261 /* Base */,
			);
			name = LaunchScreen.storyboard;
			sourceTree = "<group>";
		};
/* End PBXVariantGroup section */

/* Begin XCBuildConfiguration section */
		3E6BDAF61E7B72FD00CED261 /* Debug */ = {
			isa = XCBuildConfiguration;
			buildSettings = {
				ALWAYS_SEARCH_USER_PATHS = NO;
				CLANG_ANALYZER_NONNULL = YES;
				CLANG_CXX_LANGUAGE_STANDARD = "gnu++0x";
				CLANG_CXX_LIBRARY = "libc++";
				CLANG_ENABLE_MODULES = YES;
				CLANG_ENABLE_OBJC_ARC = YES;
				CLANG_WARN_BOOL_CONVERSION = YES;
				CLANG_WARN_CONSTANT_CONVERSION = YES;
				CLANG_WARN_DIRECT_OBJC_ISA_USAGE = YES_ERROR;
				CLANG_WARN_DOCUMENTATION_COMMENTS = YES;
				CLANG_WARN_EMPTY_BODY = YES;
				CLANG_WARN_ENUM_CONVERSION = YES;
				CLANG_WARN_INFINITE_RECURSION = YES;
				CLANG_WARN_INT_CONVERSION = YES;
				CLANG_WARN_OBJC_ROOT_CLASS = YES_ERROR;
				CLANG_WARN_SUSPICIOUS_MOVE = YES;
				CLANG_WARN_UNREACHABLE_CODE = YES;
				CLANG_WARN__DUPLICATE_METHOD_MATCH = YES;
				"CODE_SIGN_IDENTITY[sdk=iphoneos*]" = "iPhone Developer";
				COPY_PHASE_STRIP = NO;
				DEBUG_INFORMATION_FORMAT = dwarf;
				ENABLE_STRICT_OBJC_MSGSEND = YES;
				ENABLE_TESTABILITY = YES;
				GCC_C_LANGUAGE_STANDARD = gnu99;
				GCC_DYNAMIC_NO_PIC = NO;
				GCC_NO_COMMON_BLOCKS = YES;
				GCC_OPTIMIZATION_LEVEL = 0;
				GCC_PREPROCESSOR_DEFINITIONS = (
					"DEBUG=1",
					"$(inherited)",
				);
				GCC_WARN_64_TO_32_BIT_CONVERSION = YES;
				GCC_WARN_ABOUT_RETURN_TYPE = YES_ERROR;
				GCC_WARN_UNDECLARED_SELECTOR = YES;
				GCC_WARN_UNINITIALIZED_AUTOS = YES_AGGRESSIVE;
				GCC_WARN_UNUSED_FUNCTION = YES;
				GCC_WARN_UNUSED_VARIABLE = YES;
				IPHONEOS_DEPLOYMENT_TARGET = 10.2;
				MTL_ENABLE_DEBUG_INFO = YES;
				ONLY_ACTIVE_ARCH = YES;
				SDKROOT = iphoneos;
				SWIFT_ACTIVE_COMPILATION_CONDITIONS = DEBUG;
				SWIFT_OPTIMIZATION_LEVEL = "-Onone";
			};
			name = Debug;
		};
		3E6BDAF71E7B72FD00CED261 /* Release */ = {
			isa = XCBuildConfiguration;
			buildSettings = {
				ALWAYS_SEARCH_USER_PATHS = NO;
				CLANG_ANALYZER_NONNULL = YES;
				CLANG_CXX_LANGUAGE_STANDARD = "gnu++0x";
				CLANG_CXX_LIBRARY = "libc++";
				CLANG_ENABLE_MODULES = YES;
				CLANG_ENABLE_OBJC_ARC = YES;
				CLANG_WARN_BOOL_CONVERSION = YES;
				CLANG_WARN_CONSTANT_CONVERSION = YES;
				CLANG_WARN_DIRECT_OBJC_ISA_USAGE = YES_ERROR;
				CLANG_WARN_DOCUMENTATION_COMMENTS = YES;
				CLANG_WARN_EMPTY_BODY = YES;
				CLANG_WARN_ENUM_CONVERSION = YES;
				CLANG_WARN_INFINITE_RECURSION = YES;
				CLANG_WARN_INT_CONVERSION = YES;
				CLANG_WARN_OBJC_ROOT_CLASS = YES_ERROR;
				CLANG_WARN_SUSPICIOUS_MOVE = YES;
				CLANG_WARN_UNREACHABLE_CODE = YES;
				CLANG_WARN__DUPLICATE_METHOD_MATCH = YES;
				"CODE_SIGN_IDENTITY[sdk=iphoneos*]" = "iPhone Developer";
				COPY_PHASE_STRIP = NO;
				DEBUG_INFORMATION_FORMAT = "dwarf-with-dsym";
				ENABLE_NS_ASSERTIONS = NO;
				ENABLE_STRICT_OBJC_MSGSEND = YES;
				GCC_C_LANGUAGE_STANDARD = gnu99;
				GCC_NO_COMMON_BLOCKS = YES;
				GCC_WARN_64_TO_32_BIT_CONVERSION = YES;
				GCC_WARN_ABOUT_RETURN_TYPE = YES_ERROR;
				GCC_WARN_UNDECLARED_SELECTOR = YES;
				GCC_WARN_UNINITIALIZED_AUTOS = YES_AGGRESSIVE;
				GCC_WARN_UNUSED_FUNCTION = YES;
				GCC_WARN_UNUSED_VARIABLE = YES;
				IPHONEOS_DEPLOYMENT_TARGET = 10.2;
				MTL_ENABLE_DEBUG_INFO = NO;
				SDKROOT = iphoneos;
				SWIFT_OPTIMIZATION_LEVEL = "-Owholemodule";
				VALIDATE_PRODUCT = YES;
			};
			name = Release;
		};
		3E6BDAF91E7B72FD00CED261 /* Debug */ = {
			isa = XCBuildConfiguration;
			buildSettings = {
				ASSETCATALOG_COMPILER_APPICON_NAME = AppIcon;
				DEVELOPMENT_TEAM = Z748RTCFAJ;
				INFOPLIST_FILE = CanvaiOSChallenge/Info.plist;
				LD_RUNPATH_SEARCH_PATHS = "$(inherited) @executable_path/Frameworks";
				PRODUCT_BUNDLE_IDENTIFIER = me.calvinchankf.CanvaiOSChallenge;
				PRODUCT_NAME = "$(TARGET_NAME)";
				SWIFT_VERSION = 3.0;
			};
			name = Debug;
		};
		3E6BDAFA1E7B72FD00CED261 /* Release */ = {
			isa = XCBuildConfiguration;
			buildSettings = {
				ASSETCATALOG_COMPILER_APPICON_NAME = AppIcon;
				DEVELOPMENT_TEAM = Z748RTCFAJ;
				INFOPLIST_FILE = CanvaiOSChallenge/Info.plist;
				LD_RUNPATH_SEARCH_PATHS = "$(inherited) @executable_path/Frameworks";
				PRODUCT_BUNDLE_IDENTIFIER = me.calvinchankf.CanvaiOSChallenge;
				PRODUCT_NAME = "$(TARGET_NAME)";
				SWIFT_VERSION = 3.0;
			};
			name = Release;
		};
		3E6BDAFC1E7B72FD00CED261 /* Debug */ = {
			isa = XCBuildConfiguration;
			buildSettings = {
				ALWAYS_EMBED_SWIFT_STANDARD_LIBRARIES = YES;
				BUNDLE_LOADER = "$(TEST_HOST)";
				DEVELOPMENT_TEAM = Z748RTCFAJ;
				INFOPLIST_FILE = CanvaiOSChallengeTests/Info.plist;
				LD_RUNPATH_SEARCH_PATHS = "$(inherited) @executable_path/Frameworks @loader_path/Frameworks";
				PRODUCT_BUNDLE_IDENTIFIER = me.calvinchankf.CanvaiOSChallengeTests;
				PRODUCT_NAME = "$(TARGET_NAME)";
				SWIFT_VERSION = 3.0;
				TEST_HOST = "$(BUILT_PRODUCTS_DIR)/CanvaiOSChallenge.app/CanvaiOSChallenge";
			};
			name = Debug;
		};
		3E6BDAFD1E7B72FD00CED261 /* Release */ = {
			isa = XCBuildConfiguration;
			buildSettings = {
				ALWAYS_EMBED_SWIFT_STANDARD_LIBRARIES = YES;
				BUNDLE_LOADER = "$(TEST_HOST)";
				DEVELOPMENT_TEAM = Z748RTCFAJ;
				INFOPLIST_FILE = CanvaiOSChallengeTests/Info.plist;
				LD_RUNPATH_SEARCH_PATHS = "$(inherited) @executable_path/Frameworks @loader_path/Frameworks";
				PRODUCT_BUNDLE_IDENTIFIER = me.calvinchankf.CanvaiOSChallengeTests;
				PRODUCT_NAME = "$(TARGET_NAME)";
				SWIFT_VERSION = 3.0;
				TEST_HOST = "$(BUILT_PRODUCTS_DIR)/CanvaiOSChallenge.app/CanvaiOSChallenge";
			};
			name = Release;
		};
		3E6BDAFF1E7B72FD00CED261 /* Debug */ = {
			isa = XCBuildConfiguration;
			buildSettings = {
				ALWAYS_EMBED_SWIFT_STANDARD_LIBRARIES = YES;
				DEVELOPMENT_TEAM = Z748RTCFAJ;
				INFOPLIST_FILE = CanvaiOSChallengeUITests/Info.plist;
				LD_RUNPATH_SEARCH_PATHS = "$(inherited) @executable_path/Frameworks @loader_path/Frameworks";
				PRODUCT_BUNDLE_IDENTIFIER = me.calvinchankf.CanvaiOSChallengeUITests;
				PRODUCT_NAME = "$(TARGET_NAME)";
				SWIFT_VERSION = 3.0;
				TEST_TARGET_NAME = CanvaiOSChallenge;
			};
			name = Debug;
		};
		3E6BDB001E7B72FD00CED261 /* Release */ = {
			isa = XCBuildConfiguration;
			buildSettings = {
				ALWAYS_EMBED_SWIFT_STANDARD_LIBRARIES = YES;
				DEVELOPMENT_TEAM = Z748RTCFAJ;
				INFOPLIST_FILE = CanvaiOSChallengeUITests/Info.plist;
				LD_RUNPATH_SEARCH_PATHS = "$(inherited) @executable_path/Frameworks @loader_path/Frameworks";
				PRODUCT_BUNDLE_IDENTIFIER = me.calvinchankf.CanvaiOSChallengeUITests;
				PRODUCT_NAME = "$(TARGET_NAME)";
				SWIFT_VERSION = 3.0;
				TEST_TARGET_NAME = CanvaiOSChallenge;
			};
			name = Release;
		};
/* End XCBuildConfiguration section */

/* Begin XCConfigurationList section */
		3E6BDACB1E7B72FC00CED261 /* Build configuration list for PBXProject "CanvaiOSChallenge" */ = {
			isa = XCConfigurationList;
			buildConfigurations = (
				3E6BDAF61E7B72FD00CED261 /* Debug */,
				3E6BDAF71E7B72FD00CED261 /* Release */,
			);
			defaultConfigurationIsVisible = 0;
			defaultConfigurationName = Release;
		};
		3E6BDAF81E7B72FD00CED261 /* Build configuration list for PBXNativeTarget "CanvaiOSChallenge" */ = {
			isa = XCConfigurationList;
			buildConfigurations = (
				3E6BDAF91E7B72FD00CED261 /* Debug */,
				3E6BDAFA1E7B72FD00CED261 /* Release */,
			);
			defaultConfigurationIsVisible = 0;
		};
		3E6BDAFB1E7B72FD00CED261 /* Build configuration list for PBXNativeTarget "CanvaiOSChallengeTests" */ = {
			isa = XCConfigurationList;
			buildConfigurations = (
				3E6BDAFC1E7B72FD00CED261 /* Debug */,
				3E6BDAFD1E7B72FD00CED261 /* Release */,
			);
			defaultConfigurationIsVisible = 0;
		};
		3E6BDAFE1E7B72FD00CED261 /* Build configuration list for PBXNativeTarget "CanvaiOSChallengeUITests" */ = {
			isa = XCConfigurationList;
			buildConfigurations = (
				3E6BDAFF1E7B72FD00CED261 /* Debug */,
				3E6BDB001E7B72FD00CED261 /* Release */,
			);
			defaultConfigurationIsVisible = 0;
		};
/* End XCConfigurationList section */
	};
	rootObject = 3E6BDAC81E7B72FC00CED261 /* Project object */;
}
